# This file is automatically @generated by Poetry 1.8.5 and should not be changed by hand.

[[package]]
name = "schedule"
version = "1.2.2"
description = "Job scheduling for humans."
optional = false
python-versions = ">=3.7"
files = [
    {file = "schedule-1.2.2-py3-none-any.whl", hash = "sha256:5bef4a2a0183abf44046ae0d164cadcac21b1db011bdd8102e4a0c1e91e06a7d"},
    {file = "schedule-1.2.2.tar.gz", hash = "sha256:15fe9c75fe5fd9b9627f3f19cc0ef1420508f9f9a46f45cd0769ef75ede5f0b7"},
]

[package.extras]
timezone = ["pytz"]

[metadata]
lock-version = "2.0"
python-versions = "^3.12"
content-hash = "1bb16f7d8b54d0fff24bd42edd4e4a28cc6b7766f131e1904f2287a708b7d8c9"
